
Microsoft Visual Studio Solution File, Format Version 12.00
# Visual Studio Version 17
VisualStudioVersion = 17.7.34024.191
MinimumVisualStudioVersion = 10.0.40219.1
Project("{9A19103F-16F7-4668-BE54-9A1E7A4F7556}") = "PerfectMatch.Shared", "PerfectMatch.Shared\PerfectMatch.Shared.csproj", "{39E3A60E-BE72-4174-8B7A-CEF7B859056F}"
EndProject
Project("{9A19103F-16F7-4668-BE54-9A1E7A4F7556}") = "PerfectMatch.API", "PerfectMatch.API\PerfectMatch.API.csproj", "{76D9A77C-3D58-4672-B524-766631FC46EC}"
EndProject
Project("{9A19103F-16F7-4668-BE54-9A1E7A4F7556}") = "PerfectMatch.WEB", "PerfectMatch.WEB\PerfectMatch.WEB.csproj", "{CF6BC543-CF4A-436B-96EE-DEFA2D5FE68F}"
EndProject
Global
	GlobalSection(SolutionConfigurationPlatforms) = preSolution
		Debug|Any CPU = Debug|Any CPU
		Release|Any CPU = Release|Any CPU
	EndGlobalSection
	GlobalSection(ProjectConfigurationPlatforms) = postSolution
		{39E3A60E-BE72-4174-8B7A-CEF7B859056F}.Debug|Any CPU.ActiveCfg = Debug|Any CPU
		{39E3A60E-BE72-4174-8B7A-CEF7B859056F}.Debug|Any CPU.Build.0 = Debug|Any CPU
		{39E3A60E-BE72-4174-8B7A-CEF7B859056F}.Release|Any CPU.ActiveCfg = Release|Any CPU
		{39E3A60E-BE72-4174-8B7A-CEF7B859056F}.Release|Any CPU.Build.0 = Release|Any CPU
		{76D9A77C-3D58-4672-B524-766631FC46EC}.Debug|Any CPU.ActiveCfg = Debug|Any CPU
		{76D9A77C-3D58-4672-B524-766631FC46EC}.Debug|Any CPU.Build.0 = Debug|Any CPU
		{76D9A77C-3D58-4672-B524-766631FC46EC}.Release|Any CPU.ActiveCfg = Release|Any CPU
		{76D9A77C-3D58-4672-B524-766631FC46EC}.Release|Any CPU.Build.0 = Release|Any CPU
		{CF6BC543-CF4A-436B-96EE-DEFA2D5FE68F}.Debug|Any CPU.ActiveCfg = Debug|Any CPU
		{CF6BC543-CF4A-436B-96EE-DEFA2D5FE68F}.Debug|Any CPU.Build.0 = Debug|Any CPU
		{CF6BC543-CF4A-436B-96EE-DEFA2D5FE68F}.Release|Any CPU.ActiveCfg = Release|Any CPU
		{CF6BC543-CF4A-436B-96EE-DEFA2D5FE68F}.Release|Any CPU.Build.0 = Release|Any CPU
	EndGlobalSection
	GlobalSection(SolutionProperties) = preSolution
		HideSolutionNode = FALSE
	EndGlobalSection
	GlobalSection(ExtensibilityGlobals) = postSolution
		SolutionGuid = {76D49308-99E3-4CD5-ABED-B60715DD1B60}
	EndGlobalSection
EndGlobal
